
Microsoft Visual Studio Solution File, Format Version 12.00
# Visual Studio Version 17
VisualStudioVersion = 17.8.34525.116
MinimumVisualStudioVersion = 10.0.40219.1
Project("{FAE04EC0-301F-11D3-BF4B-00C04F79EFBC}") = "modbusuygulama", "modbusuygulama\modbusuygulama.csproj", "{5BCD6851-0ECA-4E4B-9F10-B73BF10348D6}"
EndProject
Global
	GlobalSection(SolutionConfigurationPlatforms) = preSolution
		Debug|Any CPU = Debug|Any CPU
		Release|Any CPU = Release|Any CPU
	EndGlobalSection
	GlobalSection(ProjectConfigurationPlatforms) = postSolution
		{5BCD6851-0ECA-4E4B-9F10-B73BF10348D6}.Debug|Any CPU.ActiveCfg = Debug|Any CPU
		{5BCD6851-0ECA-4E4B-9F10-B73BF10348D6}.Debug|Any CPU.Build.0 = Debug|Any CPU
		{5BCD6851-0ECA-4E4B-9F10-B73BF10348D6}.Release|Any CPU.ActiveCfg = Release|Any CPU
		{5BCD6851-0ECA-4E4B-9F10-B73BF10348D6}.Release|Any CPU.Build.0 = Release|Any CPU
	EndGlobalSection
	GlobalSection(SolutionProperties) = preSolution
		HideSolutionNode = FALSE
	EndGlobalSection
	GlobalSection(ExtensibilityGlobals) = postSolution
		SolutionGuid = {D8B9A0F4-1B65-4F4F-845A-64FB6E5A09DA}
	EndGlobalSection
EndGlobal
